
Microsoft Visual Studio Solution File, Format Version 12.00
# Visual Studio 2013
VisualStudioVersion = 12.0.21005.1
MinimumVisualStudioVersion = 10.0.40219.1
Project("{FAE04EC0-301F-11D3-BF4B-00C04F79EFBC}") = "fajlrandom", "fajlrandom\fajlrandom.csproj", "{B64D1371-5425-4923-8CEE-A6CB920B0AAF}"
EndProject
Global
	GlobalSection(SolutionConfigurationPlatforms) = preSolution
		Debug|Any CPU = Debug|Any CPU
		Release|Any CPU = Release|Any CPU
	EndGlobalSection
	GlobalSection(ProjectConfigurationPlatforms) = postSolution
		{B64D1371-5425-4923-8CEE-A6CB920B0AAF}.Debug|Any CPU.ActiveCfg = Debug|Any CPU
		{B64D1371-5425-4923-8CEE-A6CB920B0AAF}.Debug|Any CPU.Build.0 = Debug|Any CPU
		{B64D1371-5425-4923-8CEE-A6CB920B0AAF}.Release|Any CPU.ActiveCfg = Release|Any CPU
		{B64D1371-5425-4923-8CEE-A6CB920B0AAF}.Release|Any CPU.Build.0 = Release|Any CPU
	EndGlobalSection
	GlobalSection(SolutionProperties) = preSolution
		HideSolutionNode = FALSE
	EndGlobalSection
EndGlobal
